
Microsoft Visual Studio Solution File, Format Version 12.00
# Visual Studio 14
VisualStudioVersion = 14.0.23107.0
MinimumVisualStudioVersion = 10.0.40219.1
Project("{2150E333-8FDC-42A3-9474-1A3956D46DE8}") = "Database", "Database", "{BDFDEF65-15CC-423B-BB78-238ADBDB33FF}"
EndProject
Project("{FAE04EC0-301F-11D3-BF4B-00C04F79EFBC}") = "Core", "Core\Core.csproj", "{B994AE4B-A194-46F8-9D80-6A8C98B4DB00}"
EndProject
Project("{FAE04EC0-301F-11D3-BF4B-00C04F79EFBC}") = "Infrastructure", "Infrastructure\Infrastructure.csproj", "{EE70F67C-C721-4313-A51D-4A443FB22103}"
EndProject
Project("{FAE04EC0-301F-11D3-BF4B-00C04F79EFBC}") = "Web", "Web\Web.csproj", "{A5506FF6-79DC-400C-9107-DB652D02B2A6}"
EndProject
Project("{00D1A9C2-B5F0-4AF3-8072-F6C62B433612}") = "BloodDonationDb", "BloodDonationDb\BloodDonationDb.sqlproj", "{3A4DD38C-18AB-4903-89BE-2F4BEF38CB0A}"
EndProject
Project("{262852C6-CD72-467D-83FE-5EEB1973A190}") = "App", "App\App.jsproj", "{BF360F05-78BC-42A2-9911-0BCD02F45E93}"
EndProject
Project("{2150E333-8FDC-42A3-9474-1A3956D46DE8}") = ".nuget", ".nuget", "{B5E39B58-7887-4529-8300-6837DEFF788F}"
	ProjectSection(SolutionItems) = preProject
		.nuget\NuGet.Config = .nuget\NuGet.Config
		.nuget\NuGet.exe = .nuget\NuGet.exe
		.nuget\NuGet.targets = .nuget\NuGet.targets
	EndProjectSection
EndProject
Project("{262852C6-CD72-467D-83FE-5EEB1973A190}") = "MobileApp", "MobileApp\MobileApp.jsproj", "{A4F8228C-A1AB-4F61-887C-3161CC59AE8B}"
EndProject
Global
	GlobalSection(SolutionConfigurationPlatforms) = preSolution
		Debug|Android = Debug|Android
		Debug|Any CPU = Debug|Any CPU
		Debug|iOS = Debug|iOS
		Debug|Mixed Platforms = Debug|Mixed Platforms
		Debug|Windows Phone (Universal) = Debug|Windows Phone (Universal)
		Debug|Windows Phone 8 = Debug|Windows Phone 8
		Debug|Windows-AnyCPU = Debug|Windows-AnyCPU
		Debug|Windows-ARM = Debug|Windows-ARM
		Debug|Windows-x64 = Debug|Windows-x64
		Debug|Windows-x86 = Debug|Windows-x86
		Distribution|Android = Distribution|Android
		Distribution|Any CPU = Distribution|Any CPU
		Distribution|iOS = Distribution|iOS
		Distribution|Mixed Platforms = Distribution|Mixed Platforms
		Distribution|Windows Phone (Universal) = Distribution|Windows Phone (Universal)
		Distribution|Windows Phone 8 = Distribution|Windows Phone 8
		Distribution|Windows-AnyCPU = Distribution|Windows-AnyCPU
		Distribution|Windows-ARM = Distribution|Windows-ARM
		Distribution|Windows-x64 = Distribution|Windows-x64
		Distribution|Windows-x86 = Distribution|Windows-x86
		Release|Android = Release|Android
		Release|Any CPU = Release|Any CPU
		Release|iOS = Release|iOS
		Release|Mixed Platforms = Release|Mixed Platforms
		Release|Windows Phone (Universal) = Release|Windows Phone (Universal)
		Release|Windows Phone 8 = Release|Windows Phone 8
		Release|Windows-AnyCPU = Release|Windows-AnyCPU
		Release|Windows-ARM = Release|Windows-ARM
		Release|Windows-x64 = Release|Windows-x64
		Release|Windows-x86 = Release|Windows-x86
	EndGlobalSection
	GlobalSection(ProjectConfigurationPlatforms) = postSolution
		{B994AE4B-A194-46F8-9D80-6A8C98B4DB00}.Debug|Android.ActiveCfg = Debug|Any CPU
		{B994AE4B-A194-46F8-9D80-6A8C98B4DB00}.Debug|Any CPU.ActiveCfg = Debug|Any CPU
		{B994AE4B-A194-46F8-9D80-6A8C98B4DB00}.Debug|Any CPU.Build.0 = Debug|Any CPU
		{B994AE4B-A194-46F8-9D80-6A8C98B4DB00}.Debug|iOS.ActiveCfg = Debug|Any CPU
		{B994AE4B-A194-46F8-9D80-6A8C98B4DB00}.Debug|Mixed Platforms.ActiveCfg = Debug|Any CPU
		{B994AE4B-A194-46F8-9D80-6A8C98B4DB00}.Debug|Mixed Platforms.Build.0 = Debug|Any CPU
		{B994AE4B-A194-46F8-9D80-6A8C98B4DB00}.Debug|Windows Phone (Universal).ActiveCfg = Debug|Any CPU
		{B994AE4B-A194-46F8-9D80-6A8C98B4DB00}.Debug|Windows Phone 8.ActiveCfg = Debug|Any CPU
		{B994AE4B-A194-46F8-9D80-6A8C98B4DB00}.Debug|Windows-AnyCPU.ActiveCfg = Debug|Any CPU
		{B994AE4B-A194-46F8-9D80-6A8C98B4DB00}.Debug|Windows-ARM.ActiveCfg = Debug|Any CPU
		{B994AE4B-A194-46F8-9D80-6A8C98B4DB00}.Debug|Windows-x64.ActiveCfg = Debug|Any CPU
		{B994AE4B-A194-46F8-9D80-6A8C98B4DB00}.Debug|Windows-x86.ActiveCfg = Debug|Any CPU
		{B994AE4B-A194-46F8-9D80-6A8C98B4DB00}.Distribution|Android.ActiveCfg = Debug|Any CPU
		{B994AE4B-A194-46F8-9D80-6A8C98B4DB00}.Distribution|Any CPU.ActiveCfg = Debug|Any CPU
		{B994AE4B-A194-46F8-9D80-6A8C98B4DB00}.Distribution|Any CPU.Build.0 = Debug|Any CPU
		{B994AE4B-A194-46F8-9D80-6A8C98B4DB00}.Distribution|iOS.ActiveCfg = Debug|Any CPU
		{B994AE4B-A194-46F8-9D80-6A8C98B4DB00}.Distribution|Mixed Platforms.ActiveCfg = Debug|Any CPU
		{B994AE4B-A194-46F8-9D80-6A8C98B4DB00}.Distribution|Mixed Platforms.Build.0 = Debug|Any CPU
		{B994AE4B-A194-46F8-9D80-6A8C98B4DB00}.Distribution|Windows Phone (Universal).ActiveCfg = Debug|Any CPU
		{B994AE4B-A194-46F8-9D80-6A8C98B4DB00}.Distribution|Windows Phone 8.ActiveCfg = Debug|Any CPU
		{B994AE4B-A194-46F8-9D80-6A8C98B4DB00}.Distribution|Windows-AnyCPU.ActiveCfg = Debug|Any CPU
		{B994AE4B-A194-46F8-9D80-6A8C98B4DB00}.Distribution|Windows-ARM.ActiveCfg = Debug|Any CPU
		{B994AE4B-A194-46F8-9D80-6A8C98B4DB00}.Distribution|Windows-x64.ActiveCfg = Debug|Any CPU
		{B994AE4B-A194-46F8-9D80-6A8C98B4DB00}.Distribution|Windows-x86.ActiveCfg = Debug|Any CPU
		{B994AE4B-A194-46F8-9D80-6A8C98B4DB00}.Release|Android.ActiveCfg = Release|Any CPU
		{B994AE4B-A194-46F8-9D80-6A8C98B4DB00}.Release|Any CPU.ActiveCfg = Release|Any CPU
		{B994AE4B-A194-46F8-9D80-6A8C98B4DB00}.Release|Any CPU.Build.0 = Release|Any CPU
		{B994AE4B-A194-46F8-9D80-6A8C98B4DB00}.Release|iOS.ActiveCfg = Release|Any CPU
		{B994AE4B-A194-46F8-9D80-6A8C98B4DB00}.Release|Mixed Platforms.ActiveCfg = Release|Any CPU
		{B994AE4B-A194-46F8-9D80-6A8C98B4DB00}.Release|Mixed Platforms.Build.0 = Release|Any CPU
		{B994AE4B-A194-46F8-9D80-6A8C98B4DB00}.Release|Windows Phone (Universal).ActiveCfg = Release|Any CPU
		{B994AE4B-A194-46F8-9D80-6A8C98B4DB00}.Release|Windows Phone 8.ActiveCfg = Release|Any CPU
		{B994AE4B-A194-46F8-9D80-6A8C98B4DB00}.Release|Windows-AnyCPU.ActiveCfg = Release|Any CPU
		{B994AE4B-A194-46F8-9D80-6A8C98B4DB00}.Release|Windows-ARM.ActiveCfg = Release|Any CPU
		{B994AE4B-A194-46F8-9D80-6A8C98B4DB00}.Release|Windows-x64.ActiveCfg = Release|Any CPU
		{B994AE4B-A194-46F8-9D80-6A8C98B4DB00}.Release|Windows-x86.ActiveCfg = Release|Any CPU
		{EE70F67C-C721-4313-A51D-4A443FB22103}.Debug|Android.ActiveCfg = Debug|Any CPU
		{EE70F67C-C721-4313-A51D-4A443FB22103}.Debug|Any CPU.ActiveCfg = Debug|Any CPU
		{EE70F67C-C721-4313-A51D-4A443FB22103}.Debug|Any CPU.Build.0 = Debug|Any CPU
		{EE70F67C-C721-4313-A51D-4A443FB22103}.Debug|iOS.ActiveCfg = Debug|Any CPU
		{EE70F67C-C721-4313-A51D-4A443FB22103}.Debug|Mixed Platforms.ActiveCfg = Debug|Any CPU
		{EE70F67C-C721-4313-A51D-4A443FB22103}.Debug|Mixed Platforms.Build.0 = Debug|Any CPU
		{EE70F67C-C721-4313-A51D-4A443FB22103}.Debug|Windows Phone (Universal).ActiveCfg = Debug|Any CPU
		{EE70F67C-C721-4313-A51D-4A443FB22103}.Debug|Windows Phone 8.ActiveCfg = Debug|Any CPU
		{EE70F67C-C721-4313-A51D-4A443FB22103}.Debug|Windows-AnyCPU.ActiveCfg = Debug|Any CPU
		{EE70F67C-C721-4313-A51D-4A443FB22103}.Debug|Windows-ARM.ActiveCfg = Debug|Any CPU
		{EE70F67C-C721-4313-A51D-4A443FB22103}.Debug|Windows-x64.ActiveCfg = Debug|Any CPU
		{EE70F67C-C721-4313-A51D-4A443FB22103}.Debug|Windows-x86.ActiveCfg = Debug|Any CPU
		{EE70F67C-C721-4313-A51D-4A443FB22103}.Distribution|Android.ActiveCfg = Debug|Any CPU
		{EE70F67C-C721-4313-A51D-4A443FB22103}.Distribution|Any CPU.ActiveCfg = Debug|Any CPU
		{EE70F67C-C721-4313-A51D-4A443FB22103}.Distribution|Any CPU.Build.0 = Debug|Any CPU
		{EE70F67C-C721-4313-A51D-4A443FB22103}.Distribution|iOS.ActiveCfg = Debug|Any CPU
		{EE70F67C-C721-4313-A51D-4A443FB22103}.Distribution|Mixed Platforms.ActiveCfg = Debug|Any CPU
		{EE70F67C-C721-4313-A51D-4A443FB22103}.Distribution|Mixed Platforms.Build.0 = Debug|Any CPU
		{EE70F67C-C721-4313-A51D-4A443FB22103}.Distribution|Windows Phone (Universal).ActiveCfg = Debug|Any CPU
		{EE70F67C-C721-4313-A51D-4A443FB22103}.Distribution|Windows Phone 8.ActiveCfg = Debug|Any CPU
		{EE70F67C-C721-4313-A51D-4A443FB22103}.Distribution|Windows-AnyCPU.ActiveCfg = Debug|Any CPU
		{EE70F67C-C721-4313-A51D-4A443FB22103}.Distribution|Windows-ARM.ActiveCfg = Debug|Any CPU
		{EE70F67C-C721-4313-A51D-4A443FB22103}.Distribution|Windows-x64.ActiveCfg = Debug|Any CPU
		{EE70F67C-C721-4313-A51D-4A443FB22103}.Distribution|Windows-x86.ActiveCfg = Debug|Any CPU
		{EE70F67C-C721-4313-A51D-4A443FB22103}.Release|Android.ActiveCfg = Release|Any CPU
		{EE70F67C-C721-4313-A51D-4A443FB22103}.Release|Any CPU.ActiveCfg = Release|Any CPU
		{EE70F67C-C721-4313-A51D-4A443FB22103}.Release|Any CPU.Build.0 = Release|Any CPU
		{EE70F67C-C721-4313-A51D-4A443FB22103}.Release|iOS.ActiveCfg = Release|Any CPU
		{EE70F67C-C721-4313-A51D-4A443FB22103}.Release|Mixed Platforms.ActiveCfg = Release|Any CPU
		{EE70F67C-C721-4313-A51D-4A443FB22103}.Release|Mixed Platforms.Build.0 = Release|Any CPU
		{EE70F67C-C721-4313-A51D-4A443FB22103}.Release|Windows Phone (Universal).ActiveCfg = Release|Any CPU
		{EE70F67C-C721-4313-A51D-4A443FB22103}.Release|Windows Phone 8.ActiveCfg = Release|Any CPU
		{EE70F67C-C721-4313-A51D-4A443FB22103}.Release|Windows-AnyCPU.ActiveCfg = Release|Any CPU
		{EE70F67C-C721-4313-A51D-4A443FB22103}.Release|Windows-ARM.ActiveCfg = Release|Any CPU
		{EE70F67C-C721-4313-A51D-4A443FB22103}.Release|Windows-x64.ActiveCfg = Release|Any CPU
		{EE70F67C-C721-4313-A51D-4A443FB22103}.Release|Windows-x86.ActiveCfg = Release|Any CPU
		{A5506FF6-79DC-400C-9107-DB652D02B2A6}.Debug|Android.ActiveCfg = Debug|Any CPU
		{A5506FF6-79DC-400C-9107-DB652D02B2A6}.Debug|Any CPU.ActiveCfg = Debug|Any CPU
		{A5506FF6-79DC-400C-9107-DB652D02B2A6}.Debug|Any CPU.Build.0 = Debug|Any CPU
		{A5506FF6-79DC-400C-9107-DB652D02B2A6}.Debug|iOS.ActiveCfg = Debug|Any CPU
		{A5506FF6-79DC-400C-9107-DB652D02B2A6}.Debug|Mixed Platforms.ActiveCfg = Debug|Any CPU
		{A5506FF6-79DC-400C-9107-DB652D02B2A6}.Debug|Mixed Platforms.Build.0 = Debug|Any CPU
		{A5506FF6-79DC-400C-9107-DB652D02B2A6}.Debug|Windows Phone (Universal).ActiveCfg = Debug|Any CPU
		{A5506FF6-79DC-400C-9107-DB652D02B2A6}.Debug|Windows Phone 8.ActiveCfg = Debug|Any CPU
		{A5506FF6-79DC-400C-9107-DB652D02B2A6}.Debug|Windows-AnyCPU.ActiveCfg = Debug|Any CPU
		{A5506FF6-79DC-400C-9107-DB652D02B2A6}.Debug|Windows-ARM.ActiveCfg = Debug|Any CPU
		{A5506FF6-79DC-400C-9107-DB652D02B2A6}.Debug|Windows-x64.ActiveCfg = Debug|Any CPU
		{A5506FF6-79DC-400C-9107-DB652D02B2A6}.Debug|Windows-x86.ActiveCfg = Debug|Any CPU
		{A5506FF6-79DC-400C-9107-DB652D02B2A6}.Distribution|Android.ActiveCfg = Debug|Any CPU
		{A5506FF6-79DC-400C-9107-DB652D02B2A6}.Distribution|Any CPU.ActiveCfg = Debug|Any CPU
		{A5506FF6-79DC-400C-9107-DB652D02B2A6}.Distribution|Any CPU.Build.0 = Debug|Any CPU
		{A5506FF6-79DC-400C-9107-DB652D02B2A6}.Distribution|iOS.ActiveCfg = Debug|Any CPU
		{A5506FF6-79DC-400C-9107-DB652D02B2A6}.Distribution|Mixed Platforms.ActiveCfg = Debug|Any CPU
		{A5506FF6-79DC-400C-9107-DB652D02B2A6}.Distribution|Mixed Platforms.Build.0 = Debug|Any CPU
		{A5506FF6-79DC-400C-9107-DB652D02B2A6}.Distribution|Windows Phone (Universal).ActiveCfg = Debug|Any CPU
		{A5506FF6-79DC-400C-9107-DB652D02B2A6}.Distribution|Windows Phone 8.ActiveCfg = Debug|Any CPU
		{A5506FF6-79DC-400C-9107-DB652D02B2A6}.Distribution|Windows-AnyCPU.ActiveCfg = Debug|Any CPU
		{A5506FF6-79DC-400C-9107-DB652D02B2A6}.Distribution|Windows-ARM.ActiveCfg = Debug|Any CPU
		{A5506FF6-79DC-400C-9107-DB652D02B2A6}.Distribution|Windows-x64.ActiveCfg = Debug|Any CPU
		{A5506FF6-79DC-400C-9107-DB652D02B2A6}.Distribution|Windows-x86.ActiveCfg = Debug|Any CPU
		{A5506FF6-79DC-400C-9107-DB652D02B2A6}.Release|Android.ActiveCfg = Release|Any CPU
		{A5506FF6-79DC-400C-9107-DB652D02B2A6}.Release|Any CPU.ActiveCfg = Release|Any CPU
		{A5506FF6-79DC-400C-9107-DB652D02B2A6}.Release|Any CPU.Build.0 = Release|Any CPU
		{A5506FF6-79DC-400C-9107-DB652D02B2A6}.Release|iOS.ActiveCfg = Release|Any CPU
		{A5506FF6-79DC-400C-9107-DB652D02B2A6}.Release|Mixed Platforms.ActiveCfg = Release|Any CPU
		{A5506FF6-79DC-400C-9107-DB652D02B2A6}.Release|Mixed Platforms.Build.0 = Release|Any CPU
		{A5506FF6-79DC-400C-9107-DB652D02B2A6}.Release|Windows Phone (Universal).ActiveCfg = Release|Any CPU
		{A5506FF6-79DC-400C-9107-DB652D02B2A6}.Release|Windows Phone 8.ActiveCfg = Release|Any CPU
		{A5506FF6-79DC-400C-9107-DB652D02B2A6}.Release|Windows-AnyCPU.ActiveCfg = Release|Any CPU
		{A5506FF6-79DC-400C-9107-DB652D02B2A6}.Release|Windows-ARM.ActiveCfg = Release|Any CPU
		{A5506FF6-79DC-400C-9107-DB652D02B2A6}.Release|Windows-x64.ActiveCfg = Release|Any CPU
		{A5506FF6-79DC-400C-9107-DB652D02B2A6}.Release|Windows-x86.ActiveCfg = Release|Any CPU
		{3A4DD38C-18AB-4903-89BE-2F4BEF38CB0A}.Debug|Android.ActiveCfg = Debug|Any CPU
		{3A4DD38C-18AB-4903-89BE-2F4BEF38CB0A}.Debug|Any CPU.ActiveCfg = Debug|Any CPU
		{3A4DD38C-18AB-4903-89BE-2F4BEF38CB0A}.Debug|Any CPU.Build.0 = Debug|Any CPU
		{3A4DD38C-18AB-4903-89BE-2F4BEF38CB0A}.Debug|Any CPU.Deploy.0 = Debug|Any CPU
		{3A4DD38C-18AB-4903-89BE-2F4BEF38CB0A}.Debug|iOS.ActiveCfg = Debug|Any CPU
		{3A4DD38C-18AB-4903-89BE-2F4BEF38CB0A}.Debug|Mixed Platforms.ActiveCfg = Debug|Any CPU
		{3A4DD38C-18AB-4903-89BE-2F4BEF38CB0A}.Debug|Mixed Platforms.Build.0 = Debug|Any CPU
		{3A4DD38C-18AB-4903-89BE-2F4BEF38CB0A}.Debug|Mixed Platforms.Deploy.0 = Debug|Any CPU
		{3A4DD38C-18AB-4903-89BE-2F4BEF38CB0A}.Debug|Windows Phone (Universal).ActiveCfg = Debug|Any CPU
		{3A4DD38C-18AB-4903-89BE-2F4BEF38CB0A}.Debug|Windows Phone 8.ActiveCfg = Debug|Any CPU
		{3A4DD38C-18AB-4903-89BE-2F4BEF38CB0A}.Debug|Windows-AnyCPU.ActiveCfg = Debug|Any CPU
		{3A4DD38C-18AB-4903-89BE-2F4BEF38CB0A}.Debug|Windows-ARM.ActiveCfg = Debug|Any CPU
		{3A4DD38C-18AB-4903-89BE-2F4BEF38CB0A}.Debug|Windows-x64.ActiveCfg = Debug|Any CPU
		{3A4DD38C-18AB-4903-89BE-2F4BEF38CB0A}.Debug|Windows-x86.ActiveCfg = Debug|Any CPU
		{3A4DD38C-18AB-4903-89BE-2F4BEF38CB0A}.Distribution|Android.ActiveCfg = Debug|Any CPU
		{3A4DD38C-18AB-4903-89BE-2F4BEF38CB0A}.Distribution|Any CPU.ActiveCfg = Debug|Any CPU
		{3A4DD38C-18AB-4903-89BE-2F4BEF38CB0A}.Distribution|Any CPU.Build.0 = Debug|Any CPU
		{3A4DD38C-18AB-4903-89BE-2F4BEF38CB0A}.Distribution|Any CPU.Deploy.0 = Debug|Any CPU
		{3A4DD38C-18AB-4903-89BE-2F4BEF38CB0A}.Distribution|iOS.ActiveCfg = Debug|Any CPU
		{3A4DD38C-18AB-4903-89BE-2F4BEF38CB0A}.Distribution|Mixed Platforms.ActiveCfg = Debug|Any CPU
		{3A4DD38C-18AB-4903-89BE-2F4BEF38CB0A}.Distribution|Mixed Platforms.Build.0 = Debug|Any CPU
		{3A4DD38C-18AB-4903-89BE-2F4BEF38CB0A}.Distribution|Mixed Platforms.Deploy.0 = Debug|Any CPU
		{3A4DD38C-18AB-4903-89BE-2F4BEF38CB0A}.Distribution|Windows Phone (Universal).ActiveCfg = Debug|Any CPU
		{3A4DD38C-18AB-4903-89BE-2F4BEF38CB0A}.Distribution|Windows Phone 8.ActiveCfg = Debug|Any CPU
		{3A4DD38C-18AB-4903-89BE-2F4BEF38CB0A}.Distribution|Windows-AnyCPU.ActiveCfg = Debug|Any CPU
		{3A4DD38C-18AB-4903-89BE-2F4BEF38CB0A}.Distribution|Windows-ARM.ActiveCfg = Debug|Any CPU
		{3A4DD38C-18AB-4903-89BE-2F4BEF38CB0A}.Distribution|Windows-x64.ActiveCfg = Debug|Any CPU
		{3A4DD38C-18AB-4903-89BE-2F4BEF38CB0A}.Distribution|Windows-x86.ActiveCfg = Debug|Any CPU
		{3A4DD38C-18AB-4903-89BE-2F4BEF38CB0A}.Release|Android.ActiveCfg = Release|Any CPU
		{3A4DD38C-18AB-4903-89BE-2F4BEF38CB0A}.Release|Any CPU.ActiveCfg = Release|Any CPU
		{3A4DD38C-18AB-4903-89BE-2F4BEF38CB0A}.Release|Any CPU.Build.0 = Release|Any CPU
		{3A4DD38C-18AB-4903-89BE-2F4BEF38CB0A}.Release|Any CPU.Deploy.0 = Release|Any CPU
		{3A4DD38C-18AB-4903-89BE-2F4BEF38CB0A}.Release|iOS.ActiveCfg = Release|Any CPU
		{3A4DD38C-18AB-4903-89BE-2F4BEF38CB0A}.Release|Mixed Platforms.ActiveCfg = Release|Any CPU
		{3A4DD38C-18AB-4903-89BE-2F4BEF38CB0A}.Release|Mixed Platforms.Build.0 = Release|Any CPU
		{3A4DD38C-18AB-4903-89BE-2F4BEF38CB0A}.Release|Mixed Platforms.Deploy.0 = Release|Any CPU
		{3A4DD38C-18AB-4903-89BE-2F4BEF38CB0A}.Release|Windows Phone (Universal).ActiveCfg = Release|Any CPU
		{3A4DD38C-18AB-4903-89BE-2F4BEF38CB0A}.Release|Windows Phone 8.ActiveCfg = Release|Any CPU
		{3A4DD38C-18AB-4903-89BE-2F4BEF38CB0A}.Release|Windows-AnyCPU.ActiveCfg = Release|Any CPU
		{3A4DD38C-18AB-4903-89BE-2F4BEF38CB0A}.Release|Windows-ARM.ActiveCfg = Release|Any CPU
		{3A4DD38C-18AB-4903-89BE-2F4BEF38CB0A}.Release|Windows-x64.ActiveCfg = Release|Any CPU
		{3A4DD38C-18AB-4903-89BE-2F4BEF38CB0A}.Release|Windows-x86.ActiveCfg = Release|Any CPU
		{BF360F05-78BC-42A2-9911-0BCD02F45E93}.Debug|Android.ActiveCfg = Debug|Android
		{BF360F05-78BC-42A2-9911-0BCD02F45E93}.Debug|Android.Build.0 = Debug|Android
		{BF360F05-78BC-42A2-9911-0BCD02F45E93}.Debug|Android.Deploy.0 = Debug|Android
		{BF360F05-78BC-42A2-9911-0BCD02F45E93}.Debug|Any CPU.ActiveCfg = Debug|Android
		{BF360F05-78BC-42A2-9911-0BCD02F45E93}.Debug|Any CPU.Build.0 = Debug|Android
		{BF360F05-78BC-42A2-9911-0BCD02F45E93}.Debug|Any CPU.Deploy.0 = Debug|Android
		{BF360F05-78BC-42A2-9911-0BCD02F45E93}.Debug|iOS.ActiveCfg = Debug|iOS
		{BF360F05-78BC-42A2-9911-0BCD02F45E93}.Debug|iOS.Build.0 = Debug|iOS
		{BF360F05-78BC-42A2-9911-0BCD02F45E93}.Debug|iOS.Deploy.0 = Debug|iOS
		{BF360F05-78BC-42A2-9911-0BCD02F45E93}.Debug|Mixed Platforms.ActiveCfg = Debug|Windows-AnyCPU
		{BF360F05-78BC-42A2-9911-0BCD02F45E93}.Debug|Mixed Platforms.Build.0 = Debug|Windows-AnyCPU
		{BF360F05-78BC-42A2-9911-0BCD02F45E93}.Debug|Mixed Platforms.Deploy.0 = Debug|Windows-AnyCPU
		{BF360F05-78BC-42A2-9911-0BCD02F45E93}.Debug|Windows Phone (Universal).ActiveCfg = Debug|Windows Phone (Universal)
		{BF360F05-78BC-42A2-9911-0BCD02F45E93}.Debug|Windows Phone (Universal).Build.0 = Debug|Windows Phone (Universal)
		{BF360F05-78BC-42A2-9911-0BCD02F45E93}.Debug|Windows Phone (Universal).Deploy.0 = Debug|Windows Phone (Universal)
		{BF360F05-78BC-42A2-9911-0BCD02F45E93}.Debug|Windows Phone 8.ActiveCfg = Debug|Windows Phone 8
		{BF360F05-78BC-42A2-9911-0BCD02F45E93}.Debug|Windows Phone 8.Build.0 = Debug|Windows Phone 8
		{BF360F05-78BC-42A2-9911-0BCD02F45E93}.Debug|Windows Phone 8.Deploy.0 = Debug|Windows Phone 8
		{BF360F05-78BC-42A2-9911-0BCD02F45E93}.Debug|Windows-AnyCPU.ActiveCfg = Debug|Android
		{BF360F05-78BC-42A2-9911-0BCD02F45E93}.Debug|Windows-AnyCPU.Build.0 = Debug|Android
		{BF360F05-78BC-42A2-9911-0BCD02F45E93}.Debug|Windows-AnyCPU.Deploy.0 = Debug|Android
		{BF360F05-78BC-42A2-9911-0BCD02F45E93}.Debug|Windows-ARM.ActiveCfg = Debug|Windows-ARM
		{BF360F05-78BC-42A2-9911-0BCD02F45E93}.Debug|Windows-ARM.Build.0 = Debug|Windows-ARM
		{BF360F05-78BC-42A2-9911-0BCD02F45E93}.Debug|Windows-ARM.Deploy.0 = Debug|Windows-ARM
		{BF360F05-78BC-42A2-9911-0BCD02F45E93}.Debug|Windows-x64.ActiveCfg = Debug|Windows-x64
		{BF360F05-78BC-42A2-9911-0BCD02F45E93}.Debug|Windows-x64.Build.0 = Debug|Windows-x64
		{BF360F05-78BC-42A2-9911-0BCD02F45E93}.Debug|Windows-x64.Deploy.0 = Debug|Windows-x64
		{BF360F05-78BC-42A2-9911-0BCD02F45E93}.Debug|Windows-x86.ActiveCfg = Debug|Windows-x86
		{BF360F05-78BC-42A2-9911-0BCD02F45E93}.Debug|Windows-x86.Build.0 = Debug|Windows-x86
		{BF360F05-78BC-42A2-9911-0BCD02F45E93}.Debug|Windows-x86.Deploy.0 = Debug|Windows-x86
		{BF360F05-78BC-42A2-9911-0BCD02F45E93}.Distribution|Android.ActiveCfg = Debug|Android
		{BF360F05-78BC-42A2-9911-0BCD02F45E93}.Distribution|Android.Build.0 = Debug|Android
		{BF360F05-78BC-42A2-9911-0BCD02F45E93}.Distribution|Android.Deploy.0 = Debug|Android
		{BF360F05-78BC-42A2-9911-0BCD02F45E93}.Distribution|Any CPU.ActiveCfg = Release|Windows-x86
		{BF360F05-78BC-42A2-9911-0BCD02F45E93}.Distribution|Any CPU.Build.0 = Release|Windows-x86
		{BF360F05-78BC-42A2-9911-0BCD02F45E93}.Distribution|Any CPU.Deploy.0 = Release|Windows-x86
		{BF360F05-78BC-42A2-9911-0BCD02F45E93}.Distribution|iOS.ActiveCfg = Debug|iOS
		{BF360F05-78BC-42A2-9911-0BCD02F45E93}.Distribution|iOS.Build.0 = Debug|iOS
		{BF360F05-78BC-42A2-9911-0BCD02F45E93}.Distribution|iOS.Deploy.0 = Debug|iOS
		{BF360F05-78BC-42A2-9911-0BCD02F45E93}.Distribution|Mixed Platforms.ActiveCfg = Debug|Windows-x86
		{BF360F05-78BC-42A2-9911-0BCD02F45E93}.Distribution|Mixed Platforms.Build.0 = Debug|Windows-x86
		{BF360F05-78BC-42A2-9911-0BCD02F45E93}.Distribution|Mixed Platforms.Deploy.0 = Debug|Windows-x86
		{BF360F05-78BC-42A2-9911-0BCD02F45E93}.Distribution|Windows Phone (Universal).ActiveCfg = Debug|Windows Phone (Universal)
		{BF360F05-78BC-42A2-9911-0BCD02F45E93}.Distribution|Windows Phone (Universal).Build.0 = Debug|Windows Phone (Universal)
		{BF360F05-78BC-42A2-9911-0BCD02F45E93}.Distribution|Windows Phone (Universal).Deploy.0 = Debug|Windows Phone (Universal)
		{BF360F05-78BC-42A2-9911-0BCD02F45E93}.Distribution|Windows Phone 8.ActiveCfg = Debug|Windows Phone 8
		{BF360F05-78BC-42A2-9911-0BCD02F45E93}.Distribution|Windows Phone 8.Build.0 = Debug|Windows Phone 8
		{BF360F05-78BC-42A2-9911-0BCD02F45E93}.Distribution|Windows Phone 8.Deploy.0 = Debug|Windows Phone 8
		{BF360F05-78BC-42A2-9911-0BCD02F45E93}.Distribution|Windows-AnyCPU.ActiveCfg = Debug|Windows-AnyCPU
		{BF360F05-78BC-42A2-9911-0BCD02F45E93}.Distribution|Windows-AnyCPU.Build.0 = Debug|Windows-AnyCPU
		{BF360F05-78BC-42A2-9911-0BCD02F45E93}.Distribution|Windows-AnyCPU.Deploy.0 = Debug|Windows-AnyCPU
		{BF360F05-78BC-42A2-9911-0BCD02F45E93}.Distribution|Windows-ARM.ActiveCfg = Debug|Windows-ARM
		{BF360F05-78BC-42A2-9911-0BCD02F45E93}.Distribution|Windows-ARM.Build.0 = Debug|Windows-ARM
		{BF360F05-78BC-42A2-9911-0BCD02F45E93}.Distribution|Windows-ARM.Deploy.0 = Debug|Windows-ARM
		{BF360F05-78BC-42A2-9911-0BCD02F45E93}.Distribution|Windows-x64.ActiveCfg = Debug|Windows-x64
		{BF360F05-78BC-42A2-9911-0BCD02F45E93}.Distribution|Windows-x64.Build.0 = Debug|Windows-x64
		{BF360F05-78BC-42A2-9911-0BCD02F45E93}.Distribution|Windows-x64.Deploy.0 = Debug|Windows-x64
		{BF360F05-78BC-42A2-9911-0BCD02F45E93}.Distribution|Windows-x86.ActiveCfg = Debug|Windows-x86
		{BF360F05-78BC-42A2-9911-0BCD02F45E93}.Distribution|Windows-x86.Build.0 = Debug|Windows-x86
		{BF360F05-78BC-42A2-9911-0BCD02F45E93}.Distribution|Windows-x86.Deploy.0 = Debug|Windows-x86
		{BF360F05-78BC-42A2-9911-0BCD02F45E93}.Release|Android.ActiveCfg = Release|Android
		{BF360F05-78BC-42A2-9911-0BCD02F45E93}.Release|Android.Build.0 = Release|Android
		{BF360F05-78BC-42A2-9911-0BCD02F45E93}.Release|Android.Deploy.0 = Release|Android
		{BF360F05-78BC-42A2-9911-0BCD02F45E93}.Release|Any CPU.ActiveCfg = Release|Android
		{BF360F05-78BC-42A2-9911-0BCD02F45E93}.Release|iOS.ActiveCfg = Release|iOS
		{BF360F05-78BC-42A2-9911-0BCD02F45E93}.Release|iOS.Build.0 = Release|iOS
		{BF360F05-78BC-42A2-9911-0BCD02F45E93}.Release|iOS.Deploy.0 = Release|iOS
		{BF360F05-78BC-42A2-9911-0BCD02F45E93}.Release|Mixed Platforms.ActiveCfg = Release|Android
		{BF360F05-78BC-42A2-9911-0BCD02F45E93}.Release|Mixed Platforms.Build.0 = Release|Android
		{BF360F05-78BC-42A2-9911-0BCD02F45E93}.Release|Mixed Platforms.Deploy.0 = Release|Android
		{BF360F05-78BC-42A2-9911-0BCD02F45E93}.Release|Windows Phone (Universal).ActiveCfg = Release|Windows Phone (Universal)
		{BF360F05-78BC-42A2-9911-0BCD02F45E93}.Release|Windows Phone (Universal).Build.0 = Release|Windows Phone (Universal)
		{BF360F05-78BC-42A2-9911-0BCD02F45E93}.Release|Windows Phone (Universal).Deploy.0 = Release|Windows Phone (Universal)
		{BF360F05-78BC-42A2-9911-0BCD02F45E93}.Release|Windows Phone 8.ActiveCfg = Release|Windows Phone 8
		{BF360F05-78BC-42A2-9911-0BCD02F45E93}.Release|Windows Phone 8.Build.0 = Release|Windows Phone 8
		{BF360F05-78BC-42A2-9911-0BCD02F45E93}.Release|Windows Phone 8.Deploy.0 = Release|Windows Phone 8
		{BF360F05-78BC-42A2-9911-0BCD02F45E93}.Release|Windows-AnyCPU.ActiveCfg = Release|Windows-AnyCPU
		{BF360F05-78BC-42A2-9911-0BCD02F45E93}.Release|Windows-AnyCPU.Build.0 = Release|Windows-AnyCPU
		{BF360F05-78BC-42A2-9911-0BCD02F45E93}.Release|Windows-AnyCPU.Deploy.0 = Release|Windows-AnyCPU
		{BF360F05-78BC-42A2-9911-0BCD02F45E93}.Release|Windows-ARM.ActiveCfg = Release|Windows-ARM
		{BF360F05-78BC-42A2-9911-0BCD02F45E93}.Release|Windows-ARM.Build.0 = Release|Windows-ARM
		{BF360F05-78BC-42A2-9911-0BCD02F45E93}.Release|Windows-ARM.Deploy.0 = Release|Windows-ARM
		{BF360F05-78BC-42A2-9911-0BCD02F45E93}.Release|Windows-x64.ActiveCfg = Release|Windows-x64
		{BF360F05-78BC-42A2-9911-0BCD02F45E93}.Release|Windows-x64.Build.0 = Release|Windows-x64
		{BF360F05-78BC-42A2-9911-0BCD02F45E93}.Release|Windows-x64.Deploy.0 = Release|Windows-x64
		{BF360F05-78BC-42A2-9911-0BCD02F45E93}.Release|Windows-x86.ActiveCfg = Release|Windows-x86
		{BF360F05-78BC-42A2-9911-0BCD02F45E93}.Release|Windows-x86.Build.0 = Release|Windows-x86
		{BF360F05-78BC-42A2-9911-0BCD02F45E93}.Release|Windows-x86.Deploy.0 = Release|Windows-x86
		{A4F8228C-A1AB-4F61-887C-3161CC59AE8B}.Debug|Android.ActiveCfg = Debug|Android
		{A4F8228C-A1AB-4F61-887C-3161CC59AE8B}.Debug|Android.Build.0 = Debug|Android
		{A4F8228C-A1AB-4F61-887C-3161CC59AE8B}.Debug|Android.Deploy.0 = Debug|Android
		{A4F8228C-A1AB-4F61-887C-3161CC59AE8B}.Debug|Any CPU.ActiveCfg = Debug|Android
		{A4F8228C-A1AB-4F61-887C-3161CC59AE8B}.Debug|iOS.ActiveCfg = Debug|iOS
		{A4F8228C-A1AB-4F61-887C-3161CC59AE8B}.Debug|iOS.Build.0 = Debug|iOS
		{A4F8228C-A1AB-4F61-887C-3161CC59AE8B}.Debug|iOS.Deploy.0 = Debug|iOS
		{A4F8228C-A1AB-4F61-887C-3161CC59AE8B}.Debug|Mixed Platforms.ActiveCfg = Debug|Android
		{A4F8228C-A1AB-4F61-887C-3161CC59AE8B}.Debug|Mixed Platforms.Build.0 = Debug|Android
		{A4F8228C-A1AB-4F61-887C-3161CC59AE8B}.Debug|Mixed Platforms.Deploy.0 = Debug|Android
		{A4F8228C-A1AB-4F61-887C-3161CC59AE8B}.Debug|Windows Phone (Universal).ActiveCfg = Debug|Windows Phone (Universal)
		{A4F8228C-A1AB-4F61-887C-3161CC59AE8B}.Debug|Windows Phone (Universal).Build.0 = Debug|Windows Phone (Universal)
		{A4F8228C-A1AB-4F61-887C-3161CC59AE8B}.Debug|Windows Phone (Universal).Deploy.0 = Debug|Windows Phone (Universal)
		{A4F8228C-A1AB-4F61-887C-3161CC59AE8B}.Debug|Windows Phone 8.ActiveCfg = Debug|Windows Phone 8
		{A4F8228C-A1AB-4F61-887C-3161CC59AE8B}.Debug|Windows Phone 8.Build.0 = Debug|Windows Phone 8
		{A4F8228C-A1AB-4F61-887C-3161CC59AE8B}.Debug|Windows Phone 8.Deploy.0 = Debug|Windows Phone 8
		{A4F8228C-A1AB-4F61-887C-3161CC59AE8B}.Debug|Windows-AnyCPU.ActiveCfg = Debug|Windows-AnyCPU
		{A4F8228C-A1AB-4F61-887C-3161CC59AE8B}.Debug|Windows-AnyCPU.Build.0 = Debug|Windows-AnyCPU
		{A4F8228C-A1AB-4F61-887C-3161CC59AE8B}.Debug|Windows-AnyCPU.Deploy.0 = Debug|Windows-AnyCPU
		{A4F8228C-A1AB-4F61-887C-3161CC59AE8B}.Debug|Windows-ARM.ActiveCfg = Debug|Windows-ARM
		{A4F8228C-A1AB-4F61-887C-3161CC59AE8B}.Debug|Windows-ARM.Build.0 = Debug|Windows-ARM
		{A4F8228C-A1AB-4F61-887C-3161CC59AE8B}.Debug|Windows-ARM.Deploy.0 = Debug|Windows-ARM
		{A4F8228C-A1AB-4F61-887C-3161CC59AE8B}.Debug|Windows-x64.ActiveCfg = Debug|Windows-x64
		{A4F8228C-A1AB-4F61-887C-3161CC59AE8B}.Debug|Windows-x64.Build.0 = Debug|Windows-x64
		{A4F8228C-A1AB-4F61-887C-3161CC59AE8B}.Debug|Windows-x64.Deploy.0 = Debug|Windows-x64
		{A4F8228C-A1AB-4F61-887C-3161CC59AE8B}.Debug|Windows-x86.ActiveCfg = Debug|Windows-x86
		{A4F8228C-A1AB-4F61-887C-3161CC59AE8B}.Debug|Windows-x86.Build.0 = Debug|Windows-x86
		{A4F8228C-A1AB-4F61-887C-3161CC59AE8B}.Debug|Windows-x86.Deploy.0 = Debug|Windows-x86
		{A4F8228C-A1AB-4F61-887C-3161CC59AE8B}.Distribution|Android.ActiveCfg = Debug|Android
		{A4F8228C-A1AB-4F61-887C-3161CC59AE8B}.Distribution|Android.Build.0 = Debug|Android
		{A4F8228C-A1AB-4F61-887C-3161CC59AE8B}.Distribution|Android.Deploy.0 = Debug|Android
		{A4F8228C-A1AB-4F61-887C-3161CC59AE8B}.Distribution|Any CPU.ActiveCfg = Release|Android
		{A4F8228C-A1AB-4F61-887C-3161CC59AE8B}.Distribution|Any CPU.Build.0 = Release|Android
		{A4F8228C-A1AB-4F61-887C-3161CC59AE8B}.Distribution|Any CPU.Deploy.0 = Release|Android
		{A4F8228C-A1AB-4F61-887C-3161CC59AE8B}.Distribution|iOS.ActiveCfg = Debug|iOS
		{A4F8228C-A1AB-4F61-887C-3161CC59AE8B}.Distribution|iOS.Build.0 = Debug|iOS
		{A4F8228C-A1AB-4F61-887C-3161CC59AE8B}.Distribution|iOS.Deploy.0 = Debug|iOS
		{A4F8228C-A1AB-4F61-887C-3161CC59AE8B}.Distribution|Mixed Platforms.ActiveCfg = Debug|Android
		{A4F8228C-A1AB-4F61-887C-3161CC59AE8B}.Distribution|Mixed Platforms.Build.0 = Debug|Android
		{A4F8228C-A1AB-4F61-887C-3161CC59AE8B}.Distribution|Mixed Platforms.Deploy.0 = Debug|Android
		{A4F8228C-A1AB-4F61-887C-3161CC59AE8B}.Distribution|Windows Phone (Universal).ActiveCfg = Debug|Windows Phone (Universal)
		{A4F8228C-A1AB-4F61-887C-3161CC59AE8B}.Distribution|Windows Phone (Universal).Build.0 = Debug|Windows Phone (Universal)
		{A4F8228C-A1AB-4F61-887C-3161CC59AE8B}.Distribution|Windows Phone (Universal).Deploy.0 = Debug|Windows Phone (Universal)
		{A4F8228C-A1AB-4F61-887C-3161CC59AE8B}.Distribution|Windows Phone 8.ActiveCfg = Debug|Windows Phone 8
		{A4F8228C-A1AB-4F61-887C-3161CC59AE8B}.Distribution|Windows Phone 8.Build.0 = Debug|Windows Phone 8
		{A4F8228C-A1AB-4F61-887C-3161CC59AE8B}.Distribution|Windows Phone 8.Deploy.0 = Debug|Windows Phone 8
		{A4F8228C-A1AB-4F61-887C-3161CC59AE8B}.Distribution|Windows-AnyCPU.ActiveCfg = Debug|Windows-AnyCPU
		{A4F8228C-A1AB-4F61-887C-3161CC59AE8B}.Distribution|Windows-AnyCPU.Build.0 = Debug|Windows-AnyCPU
		{A4F8228C-A1AB-4F61-887C-3161CC59AE8B}.Distribution|Windows-AnyCPU.Deploy.0 = Debug|Windows-AnyCPU
		{A4F8228C-A1AB-4F61-887C-3161CC59AE8B}.Distribution|Windows-ARM.ActiveCfg = Debug|Windows-ARM
		{A4F8228C-A1AB-4F61-887C-3161CC59AE8B}.Distribution|Windows-ARM.Build.0 = Debug|Windows-ARM
		{A4F8228C-A1AB-4F61-887C-3161CC59AE8B}.Distribution|Windows-ARM.Deploy.0 = Debug|Windows-ARM
		{A4F8228C-A1AB-4F61-887C-3161CC59AE8B}.Distribution|Windows-x64.ActiveCfg = Debug|Windows-x64
		{A4F8228C-A1AB-4F61-887C-3161CC59AE8B}.Distribution|Windows-x64.Build.0 = Debug|Windows-x64
		{A4F8228C-A1AB-4F61-887C-3161CC59AE8B}.Distribution|Windows-x64.Deploy.0 = Debug|Windows-x64
		{A4F8228C-A1AB-4F61-887C-3161CC59AE8B}.Distribution|Windows-x86.ActiveCfg = Debug|Windows-x86
		{A4F8228C-A1AB-4F61-887C-3161CC59AE8B}.Distribution|Windows-x86.Build.0 = Debug|Windows-x86
		{A4F8228C-A1AB-4F61-887C-3161CC59AE8B}.Distribution|Windows-x86.Deploy.0 = Debug|Windows-x86
		{A4F8228C-A1AB-4F61-887C-3161CC59AE8B}.Release|Android.ActiveCfg = Release|Android
		{A4F8228C-A1AB-4F61-887C-3161CC59AE8B}.Release|Android.Build.0 = Release|Android
		{A4F8228C-A1AB-4F61-887C-3161CC59AE8B}.Release|Android.Deploy.0 = Release|Android
		{A4F8228C-A1AB-4F61-887C-3161CC59AE8B}.Release|Any CPU.ActiveCfg = Release|Android
		{A4F8228C-A1AB-4F61-887C-3161CC59AE8B}.Release|iOS.ActiveCfg = Release|iOS
		{A4F8228C-A1AB-4F61-887C-3161CC59AE8B}.Release|iOS.Build.0 = Release|iOS
		{A4F8228C-A1AB-4F61-887C-3161CC59AE8B}.Release|iOS.Deploy.0 = Release|iOS
		{A4F8228C-A1AB-4F61-887C-3161CC59AE8B}.Release|Mixed Platforms.ActiveCfg = Release|Android
		{A4F8228C-A1AB-4F61-887C-3161CC59AE8B}.Release|Mixed Platforms.Build.0 = Release|Android
		{A4F8228C-A1AB-4F61-887C-3161CC59AE8B}.Release|Mixed Platforms.Deploy.0 = Release|Android
		{A4F8228C-A1AB-4F61-887C-3161CC59AE8B}.Release|Windows Phone (Universal).ActiveCfg = Release|Windows Phone (Universal)
		{A4F8228C-A1AB-4F61-887C-3161CC59AE8B}.Release|Windows Phone (Universal).Build.0 = Release|Windows Phone (Universal)
		{A4F8228C-A1AB-4F61-887C-3161CC59AE8B}.Release|Windows Phone (Universal).Deploy.0 = Release|Windows Phone (Universal)
		{A4F8228C-A1AB-4F61-887C-3161CC59AE8B}.Release|Windows Phone 8.ActiveCfg = Release|Windows Phone 8
		{A4F8228C-A1AB-4F61-887C-3161CC59AE8B}.Release|Windows Phone 8.Build.0 = Release|Windows Phone 8
		{A4F8228C-A1AB-4F61-887C-3161CC59AE8B}.Release|Windows Phone 8.Deploy.0 = Release|Windows Phone 8
		{A4F8228C-A1AB-4F61-887C-3161CC59AE8B}.Release|Windows-AnyCPU.ActiveCfg = Release|Windows-AnyCPU
		{A4F8228C-A1AB-4F61-887C-3161CC59AE8B}.Release|Windows-AnyCPU.Build.0 = Release|Windows-AnyCPU
		{A4F8228C-A1AB-4F61-887C-3161CC59AE8B}.Release|Windows-AnyCPU.Deploy.0 = Release|Windows-AnyCPU
		{A4F8228C-A1AB-4F61-887C-3161CC59AE8B}.Release|Windows-ARM.ActiveCfg = Release|Windows-ARM
		{A4F8228C-A1AB-4F61-887C-3161CC59AE8B}.Release|Windows-ARM.Build.0 = Release|Windows-ARM
		{A4F8228C-A1AB-4F61-887C-3161CC59AE8B}.Release|Windows-ARM.Deploy.0 = Release|Windows-ARM
		{A4F8228C-A1AB-4F61-887C-3161CC59AE8B}.Release|Windows-x64.ActiveCfg = Release|Windows-x64
		{A4F8228C-A1AB-4F61-887C-3161CC59AE8B}.Release|Windows-x64.Build.0 = Release|Windows-x64
		{A4F8228C-A1AB-4F61-887C-3161CC59AE8B}.Release|Windows-x64.Deploy.0 = Release|Windows-x64
		{A4F8228C-A1AB-4F61-887C-3161CC59AE8B}.Release|Windows-x86.ActiveCfg = Release|Windows-x86
		{A4F8228C-A1AB-4F61-887C-3161CC59AE8B}.Release|Windows-x86.Build.0 = Release|Windows-x86
		{A4F8228C-A1AB-4F61-887C-3161CC59AE8B}.Release|Windows-x86.Deploy.0 = Release|Windows-x86
	EndGlobalSection
	GlobalSection(SolutionProperties) = preSolution
		HideSolutionNode = FALSE
	EndGlobalSection
	GlobalSection(NestedProjects) = preSolution
		{3A4DD38C-18AB-4903-89BE-2F4BEF38CB0A} = {BDFDEF65-15CC-423B-BB78-238ADBDB33FF}
	EndGlobalSection
EndGlobal
